
Microsoft Visual Studio Solution File, Format Version 12.00
# Visual Studio Version 17
VisualStudioVersion = 17.9.34723.18
MinimumVisualStudioVersion = 10.0.40219.1
Project("{8BC9CEB8-8B4A-11D0-8D11-00A0C91BC942}") = "Hello World Assem", "Hello World Assem\Hello World Assem.vcxproj", "{76E3A8C8-0B15-46A5-B1BD-868739D94BBD}"
EndProject
Project("{2150E333-8FDC-42A3-9474-1A3956D46DE8}") = "Solution Items", "Solution Items", "{12A7FF62-E091-4859-9FC2-23623760DE04}"
EndProject
Global
	GlobalSection(SolutionConfigurationPlatforms) = preSolution
		Debug|x64 = Debug|x64
		Debug|x86 = Debug|x86
		Release|x64 = Release|x64
		Release|x86 = Release|x86
	EndGlobalSection
	GlobalSection(ProjectConfigurationPlatforms) = postSolution
		{76E3A8C8-0B15-46A5-B1BD-868739D94BBD}.Debug|x64.ActiveCfg = Release|x64
		{76E3A8C8-0B15-46A5-B1BD-868739D94BBD}.Debug|x64.Build.0 = Release|x64
		{76E3A8C8-0B15-46A5-B1BD-868739D94BBD}.Debug|x86.ActiveCfg = Debug|Win32
		{76E3A8C8-0B15-46A5-B1BD-868739D94BBD}.Debug|x86.Build.0 = Debug|Win32
		{76E3A8C8-0B15-46A5-B1BD-868739D94BBD}.Release|x64.ActiveCfg = Release|x64
		{76E3A8C8-0B15-46A5-B1BD-868739D94BBD}.Release|x64.Build.0 = Release|x64
		{76E3A8C8-0B15-46A5-B1BD-868739D94BBD}.Release|x86.ActiveCfg = Release|Win32
		{76E3A8C8-0B15-46A5-B1BD-868739D94BBD}.Release|x86.Build.0 = Release|Win32
	EndGlobalSection
	GlobalSection(SolutionProperties) = preSolution
		HideSolutionNode = FALSE
	EndGlobalSection
	GlobalSection(ExtensibilityGlobals) = postSolution
		SolutionGuid = {DC2F2D7D-6313-4D42-AE04-335C3D8839C4}
	EndGlobalSection
EndGlobal
